
Microsoft Visual Studio Solution File, Format Version 12.00
# Visual Studio 15
VisualStudioVersion = 15.0.28307.779
MinimumVisualStudioVersion = 10.0.40219.1
Project("{FAE04EC0-301F-11D3-BF4B-00C04F79EFBC}") = "myanmarkido", "myanmarkido\myanmarkido.csproj", "{D4F2E2E1-54D2-4B29-AD8E-93F202BC3282}"
EndProject
Global
	GlobalSection(SolutionConfigurationPlatforms) = preSolution
		Debug|Any CPU = Debug|Any CPU
		Release|Any CPU = Release|Any CPU
	EndGlobalSection
	GlobalSection(ProjectConfigurationPlatforms) = postSolution
		{D4F2E2E1-54D2-4B29-AD8E-93F202BC3282}.Debug|Any CPU.ActiveCfg = Debug|Any CPU
		{D4F2E2E1-54D2-4B29-AD8E-93F202BC3282}.Debug|Any CPU.Build.0 = Debug|Any CPU
		{D4F2E2E1-54D2-4B29-AD8E-93F202BC3282}.Release|Any CPU.ActiveCfg = Release|Any CPU
		{D4F2E2E1-54D2-4B29-AD8E-93F202BC3282}.Release|Any CPU.Build.0 = Release|Any CPU
	EndGlobalSection
	GlobalSection(SolutionProperties) = preSolution
		HideSolutionNode = FALSE
	EndGlobalSection
	GlobalSection(ExtensibilityGlobals) = postSolution
		SolutionGuid = {5D6082D7-BC6B-4721-A57C-802EED0D8C82}
	EndGlobalSection
EndGlobal
